
Microsoft Visual Studio Solution File, Format Version 12.00
# Visual Studio Version 17
VisualStudioVersion = 17.6.33723.286
MinimumVisualStudioVersion = 10.0.40219.1
Project("{FAE04EC0-301F-11D3-BF4B-00C04F79EFBC}") = "Trabalho2_Tecnicas_26533", "Trabalho2_Tecnicas_26533\Trabalho2_Tecnicas_26533.csproj", "{06B8A7A6-1BA1-402E-B9E0-AA84B5305BD2}"
EndProject
Global
	GlobalSection(SolutionConfigurationPlatforms) = preSolution
		Debug|Any CPU = Debug|Any CPU
		Release|Any CPU = Release|Any CPU
	EndGlobalSection
	GlobalSection(ProjectConfigurationPlatforms) = postSolution
		{06B8A7A6-1BA1-402E-B9E0-AA84B5305BD2}.Debug|Any CPU.ActiveCfg = Debug|Any CPU
		{06B8A7A6-1BA1-402E-B9E0-AA84B5305BD2}.Debug|Any CPU.Build.0 = Debug|Any CPU
		{06B8A7A6-1BA1-402E-B9E0-AA84B5305BD2}.Release|Any CPU.ActiveCfg = Release|Any CPU
		{06B8A7A6-1BA1-402E-B9E0-AA84B5305BD2}.Release|Any CPU.Build.0 = Release|Any CPU
	EndGlobalSection
	GlobalSection(SolutionProperties) = preSolution
		HideSolutionNode = FALSE
	EndGlobalSection
	GlobalSection(ExtensibilityGlobals) = postSolution
		SolutionGuid = {3B5A9636-32AE-40BF-8332-123DB0247C69}
	EndGlobalSection
EndGlobal
